// !$*UTF8*$!
{
	archiveVersion = 1;
	classes = {
	};
	objectVersion = 50;
	objects = {

/* Begin PBXBuildFile section */
		22677D874F507F4ECB07B973 /* Pods_Todoey.framework in Frameworks */ = {isa = PBXBuildFile; fileRef = F0628DCAF0C1E44D8C6AC3DD /* Pods_Todoey.framework */; };
		F22ECD2220EE851300FC075A /* AppDelegate.swift in Sources */ = {isa = PBXBuildFile; fileRef = F22ECD2120EE851300FC075A /* AppDelegate.swift */; };
		F22ECD2420EE851400FC075A /* ToDoListViewController.swift in Sources */ = {isa = PBXBuildFile; fileRef = F22ECD2320EE851400FC075A /* ToDoListViewController.swift */; };
		F22ECD2720EE851400FC075A /* Main.storyboard in Resources */ = {isa = PBXBuildFile; fileRef = F22ECD2520EE851400FC075A /* Main.storyboard */; };
		F22ECD2920EE851800FC075A /* Assets.xcassets in Resources */ = {isa = PBXBuildFile; fileRef = F22ECD2820EE851800FC075A /* Assets.xcassets */; };
		F22ECD2C20EE851800FC075A /* LaunchScreen.storyboard in Resources */ = {isa = PBXBuildFile; fileRef = F22ECD2A20EE851800FC075A /* LaunchScreen.storyboard */; };
		F261FC2F20F1401D00874361 /* CategoryViewController.swift in Sources */ = {isa = PBXBuildFile; fileRef = F261FC2E20F1401D00874361 /* CategoryViewController.swift */; };
		F261FC3320F54DC200874361 /* Item.swift in Sources */ = {isa = PBXBuildFile; fileRef = F261FC3220F54DC200874361 /* Item.swift */; };
		F261FC3520F54DD000874361 /* Category.swift in Sources */ = {isa = PBXBuildFile; fileRef = F261FC3420F54DD000874361 /* Category.swift */; };
/* End PBXBuildFile section */

/* Begin PBXFileReference section */
		8C4C6A9E53B28F7CC2862662 /* Pods-Todoey.debug.xcconfig */ = {isa = PBXFileReference; includeInIndex = 1; lastKnownFileType = text.xcconfig; name = "Pods-Todoey.debug.xcconfig"; path = "Pods/Target Support Files/Pods-Todoey/Pods-Todoey.debug.xcconfig"; sourceTree = "<group>"; };
		8E9A05A01CE009096E0B4B51 /* Pods-Todoey.release.xcconfig */ = {isa = PBXFileReference; includeInIndex = 1; lastKnownFileType = text.xcconfig; name = "Pods-Todoey.release.xcconfig"; path = "Pods/Target Support Files/Pods-Todoey/Pods-Todoey.release.xcconfig"; sourceTree = "<group>"; };
		F0628DCAF0C1E44D8C6AC3DD /* Pods_Todoey.framework */ = {isa = PBXFileReference; explicitFileType = wrapper.framework; includeInIndex = 0; path = Pods_Todoey.framework; sourceTree = BUILT_PRODUCTS_DIR; };
		F22ECD1E20EE851300FC075A /* Todoey.app */ = {isa = PBXFileReference; explicitFileType = wrapper.application; includeInIndex = 0; path = Todoey.app; sourceTree = BUILT_PRODUCTS_DIR; };
		F22ECD2120EE851300FC075A /* AppDelegate.swift */ = {isa = PBXFileReference; lastKnownFileType = sourcecode.swift; path = AppDelegate.swift; sourceTree = "<group>"; };
		F22ECD2320EE851400FC075A /* ToDoListViewController.swift */ = {isa = PBXFileReference; lastKnownFileType = sourcecode.swift; path = ToDoListViewController.swift; sourceTree = "<group>"; };
		F22ECD2620EE851400FC075A /* Base */ = {isa = PBXFileReference; lastKnownFileType = file.storyboard; name = Base; path = Base.lproj/Main.storyboard; sourceTree = "<group>"; };
		F22ECD2820EE851800FC075A /* Assets.xcassets */ = {isa = PBXFileReference; lastKnownFileType = folder.assetcatalog; path = Assets.xcassets; sourceTree = "<group>"; };
		F22ECD2B20EE851800FC075A /* Base */ = {isa = PBXFileReference; lastKnownFileType = file.storyboard; name = Base; path = Base.lproj/LaunchScreen.storyboard; sourceTree = "<group>"; };
		F22ECD2D20EE851800FC075A /* Info.plist */ = {isa = PBXFileReference; lastKnownFileType = text.plist.xml; path = Info.plist; sourceTree = "<group>"; };
		F261FC2E20F1401D00874361 /* CategoryViewController.swift */ = {isa = PBXFileReference; lastKnownFileType = sourcecode.swift; path = CategoryViewController.swift; sourceTree = "<group>"; };
		F261FC3220F54DC200874361 /* Item.swift */ = {isa = PBXFileReference; lastKnownFileType = sourcecode.swift; path = Item.swift; sourceTree = "<group>"; };
		F261FC3420F54DD000874361 /* Category.swift */ = {isa = PBXFileReference; lastKnownFileType = sourcecode.swift; path = Category.swift; sourceTree = "<group>"; };
/* End PBXFileReference section */

/* Begin PBXFrameworksBuildPhase section */
		F22ECD1B20EE851300FC075A /* Frameworks */ = {
			isa = PBXFrameworksBuildPhase;
			buildActionMask = 2147483647;
			files = (
				22677D874F507F4ECB07B973 /* Pods_Todoey.framework in Frameworks */,
			);
			runOnlyForDeploymentPostprocessing = 0;
		};
/* End PBXFrameworksBuildPhase section */

/* Begin PBXGroup section */
		C48C64B06124D32908D09104 /* Pods */ = {
			isa = PBXGroup;
			children = (
				8C4C6A9E53B28F7CC2862662 /* Pods-Todoey.debug.xcconfig */,
				8E9A05A01CE009096E0B4B51 /* Pods-Todoey.release.xcconfig */,
			);
			name = Pods;
			sourceTree = "<group>";
		};
		D69301192015BDA0F1FA73AB /* Frameworks */ = {
			isa = PBXGroup;
			children = (
				F0628DCAF0C1E44D8C6AC3DD /* Pods_Todoey.framework */,
			);
			name = Frameworks;
			sourceTree = "<group>";
		};
		F22ECD1520EE851300FC075A = {
			isa = PBXGroup;
			children = (
				F22ECD2020EE851300FC075A /* Todoey */,
				F22ECD1F20EE851300FC075A /* Products */,
				C48C64B06124D32908D09104 /* Pods */,
				D69301192015BDA0F1FA73AB /* Frameworks */,
			);
			sourceTree = "<group>";
		};
		F22ECD1F20EE851300FC075A /* Products */ = {
			isa = PBXGroup;
			children = (
				F22ECD1E20EE851300FC075A /* Todoey.app */,
			);
			name = Products;
			sourceTree = "<group>";
		};
		F22ECD2020EE851300FC075A /* Todoey */ = {
			isa = PBXGroup;
			children = (
				F22ECD2120EE851300FC075A /* AppDelegate.swift */,
				F22ECD3620EEC00500FC075A /* Controllers */,
				F22ECD3520EEBFF900FC075A /* Data Model */,
				F22ECD3720EEC01100FC075A /* Views */,
				F22ECD3820EEC01E00FC075A /* Supporting Files */,
				F22ECD2D20EE851800FC075A /* Info.plist */,
			);
			path = Todoey;
			sourceTree = "<group>";
		};
		F22ECD3520EEBFF900FC075A /* Data Model */ = {
			isa = PBXGroup;
			children = (
				F261FC3420F54DD000874361 /* Category.swift */,
				F261FC3220F54DC200874361 /* Item.swift */,
			);
			path = "Data Model";
			sourceTree = "<group>";
		};
		F22ECD3620EEC00500FC075A /* Controllers */ = {
			isa = PBXGroup;
			children = (
				F261FC2E20F1401D00874361 /* CategoryViewController.swift */,
				F22ECD2320EE851400FC075A /* ToDoListViewController.swift */,
			);
			path = Controllers;
			sourceTree = "<group>";
		};
		F22ECD3720EEC01100FC075A /* Views */ = {
			isa = PBXGroup;
			children = (
				F22ECD2520EE851400FC075A /* Main.storyboard */,
			);
			path = Views;
			sourceTree = "<group>";
		};
		F22ECD3820EEC01E00FC075A /* Supporting Files */ = {
			isa = PBXGroup;
			children = (
				F22ECD2A20EE851800FC075A /* LaunchScreen.storyboard */,
				F22ECD2820EE851800FC075A /* Assets.xcassets */,
			);
			path = "Supporting Files";
			sourceTree = "<group>";
		};
/* End PBXGroup section */

/* Begin PBXNativeTarget section */
		F22ECD1D20EE851300FC075A /* Todoey */ = {
			isa = PBXNativeTarget;
			buildConfigurationList = F22ECD3020EE851800FC075A /* Build configuration list for PBXNativeTarget "Todoey" */;
			buildPhases = (
				E92E8B6C910EFF685F0A8113 /* [CP] Check Pods Manifest.lock */,
				F22ECD1A20EE851300FC075A /* Sources */,
				F22ECD1B20EE851300FC075A /* Frameworks */,
				F22ECD1C20EE851300FC075A /* Resources */,
				D1E7BA8CD57F199232BCABE8 /* [CP] Embed Pods Frameworks */,
			);
			buildRules = (
			);
			dependencies = (
			);
			name = Todoey;
			productName = Todoey;
			productReference = F22ECD1E20EE851300FC075A /* Todoey.app */;
			productType = "com.apple.product-type.application";
		};
/* End PBXNativeTarget section */

/* Begin PBXProject section */
		F22ECD1620EE851300FC075A /* Project object */ = {
			isa = PBXProject;
			attributes = {
				LastSwiftUpdateCheck = 0940;
				LastUpgradeCheck = 0940;
				ORGANIZATIONNAME = "Dan Le";
				TargetAttributes = {
					F22ECD1D20EE851300FC075A = {
						CreatedOnToolsVersion = 9.4.1;
					};
				};
			};
			buildConfigurationList = F22ECD1920EE851300FC075A /* Build configuration list for PBXProject "Todoey" */;
			compatibilityVersion = "Xcode 9.3";
			developmentRegion = en;
			hasScannedForEncodings = 0;
			knownRegions = (
				en,
				Base,
			);
			mainGroup = F22ECD1520EE851300FC075A;
			productRefGroup = F22ECD1F20EE851300FC075A /* Products */;
			projectDirPath = "";
			projectRoot = "";
			targets = (
				F22ECD1D20EE851300FC075A /* Todoey */,
			);
		};
/* End PBXProject section */

/* Begin PBXResourcesBuildPhase section */
		F22ECD1C20EE851300FC075A /* Resources */ = {
			isa = PBXResourcesBuildPhase;
			buildActionMask = 2147483647;
			files = (
				F22ECD2C20EE851800FC075A /* LaunchScreen.storyboard in Resources */,
				F22ECD2920EE851800FC075A /* Assets.xcassets in Resources */,
				F22ECD2720EE851400FC075A /* Main.storyboard in Resources */,
			);
			runOnlyForDeploymentPostprocessing = 0;
		};
/* End PBXResourcesBuildPhase section */

/* Begin PBXShellScriptBuildPhase section */
		D1E7BA8CD57F199232BCABE8 /* [CP] Embed Pods Frameworks */ = {
			isa = PBXShellScriptBuildPhase;
			buildActionMask = 2147483647;
			files = (
			);
			inputPaths = (
				"${SRCROOT}/Pods/Target Support Files/Pods-Todoey/Pods-Todoey-frameworks.sh",
				"${BUILT_PRODUCTS_DIR}/Realm/Realm.framework",
				"${BUILT_PRODUCTS_DIR}/RealmSwift/RealmSwift.framework",
			);
			name = "[CP] Embed Pods Frameworks";
			outputPaths = (
				"${TARGET_BUILD_DIR}/${FRAMEWORKS_FOLDER_PATH}/Realm.framework",
				"${TARGET_BUILD_DIR}/${FRAMEWORKS_FOLDER_PATH}/RealmSwift.framework",
			);
			runOnlyForDeploymentPostprocessing = 0;
			shellPath = /bin/sh;
			shellScript = "\"${SRCROOT}/Pods/Target Support Files/Pods-Todoey/Pods-Todoey-frameworks.sh\"\n";
			showEnvVarsInLog = 0;
		};
		E92E8B6C910EFF685F0A8113 /* [CP] Check Pods Manifest.lock */ = {
			isa = PBXShellScriptBuildPhase;
			buildActionMask = 2147483647;
			files = (
			);
			inputPaths = (
				"${PODS_PODFILE_DIR_PATH}/Podfile.lock",
				"${PODS_ROOT}/Manifest.lock",
			);
			name = "[CP] Check Pods Manifest.lock";
			outputPaths = (
				"$(DERIVED_FILE_DIR)/Pods-Todoey-checkManifestLockResult.txt",
			);
			runOnlyForDeploymentPostprocessing = 0;
			shellPath = /bin/sh;
			shellScript = "diff \"${PODS_PODFILE_DIR_PATH}/Podfile.lock\" \"${PODS_ROOT}/Manifest.lock\" > /dev/null\nif [ $? != 0 ] ; then\n    # print error to STDERR\n    echo \"error: The sandbox is not in sync with the Podfile.lock. Run 'pod install' or update your CocoaPods installation.\" >&2\n    exit 1\nfi\n# This output is used by Xcode 'outputs' to avoid re-running this script phase.\necho \"SUCCESS\" > \"${SCRIPT_OUTPUT_FILE_0}\"\n";
			showEnvVarsInLog = 0;
		};
/* End PBXShellScriptBuildPhase section */

/* Begin PBXSourcesBuildPhase section */
		F22ECD1A20EE851300FC075A /* Sources */ = {
			isa = PBXSourcesBuildPhase;
			buildActionMask = 2147483647;
			files = (
				F261FC3320F54DC200874361 /* Item.swift in Sources */,
				F261FC2F20F1401D00874361 /* CategoryViewController.swift in Sources */,
				F22ECD2420EE851400FC075A /* ToDoListViewController.swift in Sources */,
				F22ECD2220EE851300FC075A /* AppDelegate.swift in Sources */,
				F261FC3520F54DD000874361 /* Category.swift in Sources */,
			);
			runOnlyForDeploymentPostprocessing = 0;
		};
/* End PBXSourcesBuildPhase section */

/* Begin PBXVariantGroup section */
		F22ECD2520EE851400FC075A /* Main.storyboard */ = {
			isa = PBXVariantGroup;
			children = (
				F22ECD2620EE851400FC075A /* Base */,
			);
			name = Main.storyboard;
			sourceTree = "<group>";
		};
		F22ECD2A20EE851800FC075A /* LaunchScreen.storyboard */ = {
			isa = PBXVariantGroup;
			children = (
				F22ECD2B20EE851800FC075A /* Base */,
			);
			name = LaunchScreen.storyboard;
			sourceTree = "<group>";
		};
/* End PBXVariantGroup section */

/* Begin XCBuildConfiguration section */
		F22ECD2E20EE851800FC075A /* Debug */ = {
			isa = XCBuildConfiguration;
			buildSettings = {
				ALWAYS_SEARCH_USER_PATHS = NO;
				CLANG_ANALYZER_NONNULL = YES;
				CLANG_ANALYZER_NUMBER_OBJECT_CONVERSION = YES_AGGRESSIVE;
				CLANG_CXX_LANGUAGE_STANDARD = "gnu++14";
				CLANG_CXX_LIBRARY = "libc++";
				CLANG_ENABLE_MODULES = YES;
				CLANG_ENABLE_OBJC_ARC = YES;
				CLANG_ENABLE_OBJC_WEAK = YES;
				CLANG_WARN_BLOCK_CAPTURE_AUTORELEASING = YES;
				CLANG_WARN_BOOL_CONVERSION = YES;
				CLANG_WARN_COMMA = YES;
				CLANG_WARN_CONSTANT_CONVERSION = YES;
				CLANG_WARN_DEPRECATED_OBJC_IMPLEMENTATIONS = YES;
				CLANG_WARN_DIRECT_OBJC_ISA_USAGE = YES_ERROR;
				CLANG_WARN_DOCUMENTATION_COMMENTS = YES;
				CLANG_WARN_EMPTY_BODY = YES;
				CLANG_WARN_ENUM_CONVERSION = YES;
				CLANG_WARN_INFINITE_RECURSION = YES;
				CLANG_WARN_INT_CONVERSION = YES;
				CLANG_WARN_NON_LITERAL_NULL_CONVERSION = YES;
				CLANG_WARN_OBJC_IMPLICIT_RETAIN_SELF = YES;
				CLANG_WARN_OBJC_LITERAL_CONVERSION = YES;
				CLANG_WARN_OBJC_ROOT_CLASS = YES_ERROR;
				CLANG_WARN_RANGE_LOOP_ANALYSIS = YES;
				CLANG_WARN_STRICT_PROTOTYPES = YES;
				CLANG_WARN_SUSPICIOUS_MOVE = YES;
				CLANG_WARN_UNGUARDED_AVAILABILITY = YES_AGGRESSIVE;
				CLANG_WARN_UNREACHABLE_CODE = YES;
				CLANG_WARN__DUPLICATE_METHOD_MATCH = YES;
				CODE_SIGN_IDENTITY = "iPhone Developer";
				COPY_PHASE_STRIP = NO;
				DEBUG_INFORMATION_FORMAT = dwarf;
				ENABLE_STRICT_OBJC_MSGSEND = YES;
				ENABLE_TESTABILITY = YES;
				GCC_C_LANGUAGE_STANDARD = gnu11;
				GCC_DYNAMIC_NO_PIC = NO;
				GCC_NO_COMMON_BLOCKS = YES;
				GCC_OPTIMIZATION_LEVEL = 0;
				GCC_PREPROCESSOR_DEFINITIONS = (
					"DEBUG=1",
					"$(inherited)",
				);
				GCC_WARN_64_TO_32_BIT_CONVERSION = YES;
				GCC_WARN_ABOUT_RETURN_TYPE = YES_ERROR;
				GCC_WARN_UNDECLARED_SELECTOR = YES;
				GCC_WARN_UNINITIALIZED_AUTOS = YES_AGGRESSIVE;
				GCC_WARN_UNUSED_FUNCTION = YES;
				GCC_WARN_UNUSED_VARIABLE = YES;
				IPHONEOS_DEPLOYMENT_TARGET = 11.4;
				MTL_ENABLE_DEBUG_INFO = YES;
				ONLY_ACTIVE_ARCH = YES;
				SDKROOT = iphoneos;
				SWIFT_ACTIVE_COMPILATION_CONDITIONS = DEBUG;
				SWIFT_OPTIMIZATION_LEVEL = "-Onone";
			};
			name = Debug;
		};
		F22ECD2F20EE851800FC075A /* Release */ = {
			isa = XCBuildConfiguration;
			buildSettings = {
				ALWAYS_SEARCH_USER_PATHS = NO;
				CLANG_ANALYZER_NONNULL = YES;
				CLANG_ANALYZER_NUMBER_OBJECT_CONVERSION = YES_AGGRESSIVE;
				CLANG_CXX_LANGUAGE_STANDARD = "gnu++14";
				CLANG_CXX_LIBRARY = "libc++";
				CLANG_ENABLE_MODULES = YES;
				CLANG_ENABLE_OBJC_ARC = YES;
				CLANG_ENABLE_OBJC_WEAK = YES;
				CLANG_WARN_BLOCK_CAPTURE_AUTORELEASING = YES;
				CLANG_WARN_BOOL_CONVERSION = YES;
				CLANG_WARN_COMMA = YES;
				CLANG_WARN_CONSTANT_CONVERSION = YES;
				CLANG_WARN_DEPRECATED_OBJC_IMPLEMENTATIONS = YES;
				CLANG_WARN_DIRECT_OBJC_ISA_USAGE = YES_ERROR;
				CLANG_WARN_DOCUMENTATION_COMMENTS = YES;
				CLANG_WARN_EMPTY_BODY = YES;
				CLANG_WARN_ENUM_CONVERSION = YES;
				CLANG_WARN_INFINITE_RECURSION = YES;
				CLANG_WARN_INT_CONVERSION = YES;
				CLANG_WARN_NON_LITERAL_NULL_CONVERSION = YES;
				CLANG_WARN_OBJC_IMPLICIT_RETAIN_SELF = YES;
				CLANG_WARN_OBJC_LITERAL_CONVERSION = YES;
				CLANG_WARN_OBJC_ROOT_CLASS = YES_ERROR;
				CLANG_WARN_RANGE_LOOP_ANALYSIS = YES;
				CLANG_WARN_STRICT_PROTOTYPES = YES;
				CLANG_WARN_SUSPICIOUS_MOVE = YES;
				CLANG_WARN_UNGUARDED_AVAILABILITY = YES_AGGRESSIVE;
				CLANG_WARN_UNREACHABLE_CODE = YES;
				CLANG_WARN__DUPLICATE_METHOD_MATCH = YES;
				CODE_SIGN_IDENTITY = "iPhone Developer";
				COPY_PHASE_STRIP = NO;
				DEBUG_INFORMATION_FORMAT = "dwarf-with-dsym";
				ENABLE_NS_ASSERTIONS = NO;
				ENABLE_STRICT_OBJC_MSGSEND = YES;
				GCC_C_LANGUAGE_STANDARD = gnu11;
				GCC_NO_COMMON_BLOCKS = YES;
				GCC_WARN_64_TO_32_BIT_CONVERSION = YES;
				GCC_WARN_ABOUT_RETURN_TYPE = YES_ERROR;
				GCC_WARN_UNDECLARED_SELECTOR = YES;
				GCC_WARN_UNINITIALIZED_AUTOS = YES_AGGRESSIVE;
				GCC_WARN_UNUSED_FUNCTION = YES;
				GCC_WARN_UNUSED_VARIABLE = YES;
				IPHONEOS_DEPLOYMENT_TARGET = 11.4;
				MTL_ENABLE_DEBUG_INFO = NO;
				SDKROOT = iphoneos;
				SWIFT_COMPILATION_MODE = wholemodule;
				SWIFT_OPTIMIZATION_LEVEL = "-O";
				VALIDATE_PRODUCT = YES;
			};
			name = Release;
		};
		F22ECD3120EE851800FC075A /* Debug */ = {
			isa = XCBuildConfiguration;
			baseConfigurationReference = 8C4C6A9E53B28F7CC2862662 /* Pods-Todoey.debug.xcconfig */;
			buildSettings = {
				ASSETCATALOG_COMPILER_APPICON_NAME = AppIcon;
				CODE_SIGN_STYLE = Automatic;
				DEVELOPMENT_TEAM = R4GX239RQN;
				INFOPLIST_FILE = Todoey/Info.plist;
				LD_RUNPATH_SEARCH_PATHS = (
					"$(inherited)",
					"@executable_path/Frameworks",
				);
				PRODUCT_BUNDLE_IDENTIFIER = com.danle.Todoey;
				PRODUCT_NAME = "$(TARGET_NAME)";
				SWIFT_VERSION = 4.0;
				TARGETED_DEVICE_FAMILY = "1,2";
			};
			name = Debug;
		};
		F22ECD3220EE851800FC075A /* Release */ = {
			isa = XCBuildConfiguration;
			baseConfigurationReference = 8E9A05A01CE009096E0B4B51 /* Pods-Todoey.release.xcconfig */;
			buildSettings = {
				ASSETCATALOG_COMPILER_APPICON_NAME = AppIcon;
				CODE_SIGN_STYLE = Automatic;
				DEVELOPMENT_TEAM = R4GX239RQN;
				INFOPLIST_FILE = Todoey/Info.plist;
				LD_RUNPATH_SEARCH_PATHS = (
					"$(inherited)",
					"@executable_path/Frameworks",
				);
				PRODUCT_BUNDLE_IDENTIFIER = com.danle.Todoey;
				PRODUCT_NAME = "$(TARGET_NAME)";
				SWIFT_VERSION = 4.0;
				TARGETED_DEVICE_FAMILY = "1,2";
			};
			name = Release;
		};
/* End XCBuildConfiguration section */

/* Begin XCConfigurationList section */
		F22ECD1920EE851300FC075A /* Build configuration list for PBXProject "Todoey" */ = {
			isa = XCConfigurationList;
			buildConfigurations = (
				F22ECD2E20EE851800FC075A /* Debug */,
				F22ECD2F20EE851800FC075A /* Release */,
			);
			defaultConfigurationIsVisible = 0;
			defaultConfigurationName = Release;
		};
		F22ECD3020EE851800FC075A /* Build configuration list for PBXNativeTarget "Todoey" */ = {
			isa = XCConfigurationList;
			buildConfigurations = (
				F22ECD3120EE851800FC075A /* Debug */,
				F22ECD3220EE851800FC075A /* Release */,
			);
			defaultConfigurationIsVisible = 0;
			defaultConfigurationName = Release;
		};
/* End XCConfigurationList section */
	};
	rootObject = F22ECD1620EE851300FC075A /* Project object */;
}
